// !$*UTF8*$!
{
	archiveVersion = 1;
	classes = {
	};
	objectVersion = 50;
	objects = {

/* Begin PBXBuildFile section */
		9E552D522259AAE30093E956 /* AppDelegate.swift in Sources */ = {isa = PBXBuildFile; fileRef = 9E552D512259AAE30093E956 /* AppDelegate.swift */; };
		9E552D542259AAE30093E956 /* ViewController.swift in Sources */ = {isa = PBXBuildFile; fileRef = 9E552D532259AAE30093E956 /* ViewController.swift */; };
		9E552D562259AAE80093E956 /* Assets.xcassets in Resources */ = {isa = PBXBuildFile; fileRef = 9E552D552259AAE80093E956 /* Assets.xcassets */; };
		9E552D592259AAE80093E956 /* Main.storyboard in Resources */ = {isa = PBXBuildFile; fileRef = 9E552D572259AAE80093E956 /* Main.storyboard */; };
		9E552D642259B1830093E956 /* SKClient.framework in Frameworks */ = {isa = PBXBuildFile; fileRef = 9E552D632259B1830093E956 /* SKClient.framework */; };
		9E552D662259B1890093E956 /* SKCore.framework in Frameworks */ = {isa = PBXBuildFile; fileRef = 9E552D652259B1890093E956 /* SKCore.framework */; };
		9E552D6D2259B1950093E956 /* Swifter.framework in Frameworks */ = {isa = PBXBuildFile; fileRef = 9E552D672259B1940093E956 /* Swifter.framework */; };
		9E552D6E2259B1950093E956 /* SKRTMAPI.framework in Frameworks */ = {isa = PBXBuildFile; fileRef = 9E552D682259B1940093E956 /* SKRTMAPI.framework */; };
		9E552D6F2259B1950093E956 /* SlackKit.framework in Frameworks */ = {isa = PBXBuildFile; fileRef = 9E552D692259B1950093E956 /* SlackKit.framework */; };
		9E552D702259B1950093E956 /* Starscream.framework in Frameworks */ = {isa = PBXBuildFile; fileRef = 9E552D6A2259B1950093E956 /* Starscream.framework */; };
		9E552D712259B1950093E956 /* SKServer.framework in Frameworks */ = {isa = PBXBuildFile; fileRef = 9E552D6B2259B1950093E956 /* SKServer.framework */; };
		9E552D722259B1950093E956 /* SKWebAPI.framework in Frameworks */ = {isa = PBXBuildFile; fileRef = 9E552D6C2259B1950093E956 /* SKWebAPI.framework */; };
		9E552D88225A7C030093E956 /* Conversation.swift in Sources */ = {isa = PBXBuildFile; fileRef = 9E552D87225A7C030093E956 /* Conversation.swift */; };
		9E552D8E225C07540093E956 /* ConversationTracker.swift in Sources */ = {isa = PBXBuildFile; fileRef = 9E552D8D225C07540093E956 /* ConversationTracker.swift */; };
		9E552D90225C07890093E956 /* SlackClient.swift in Sources */ = {isa = PBXBuildFile; fileRef = 9E552D8F225C07890093E956 /* SlackClient.swift */; };
		9E552D92225C183A0093E956 /* SlackWorkspace.swift in Sources */ = {isa = PBXBuildFile; fileRef = 9E552D91225C183A0093E956 /* SlackWorkspace.swift */; };
		9E552D9B225D8E340093E956 /* PreferencesViewController.swift in Sources */ = {isa = PBXBuildFile; fileRef = 9E552D9A225D8E340093E956 /* PreferencesViewController.swift */; };
		9E95EC8522600ECD0040C8D6 /* ConversationOutlineView.swift in Sources */ = {isa = PBXBuildFile; fileRef = 9E95EC8422600ECD0040C8D6 /* ConversationOutlineView.swift */; };
		9E95EC8922615CC30040C8D6 /* MainWindowController.swift in Sources */ = {isa = PBXBuildFile; fileRef = 9E95EC8822615CC30040C8D6 /* MainWindowController.swift */; };
		9E95EC8C2261785D0040C8D6 /* Lato-Light.ttf in Resources */ = {isa = PBXBuildFile; fileRef = 9E95EC8B226177B20040C8D6 /* Lato-Light.ttf */; };
		9E95EC8E22617F3C0040C8D6 /* Lato-Medium.ttf in Resources */ = {isa = PBXBuildFile; fileRef = 9E95EC8D22617F0B0040C8D6 /* Lato-Medium.ttf */; };
/* End PBXBuildFile section */

/* Begin PBXFileReference section */
		9E552D4E2259AAE30093E956 /* Slatus.app */ = {isa = PBXFileReference; explicitFileType = wrapper.application; includeInIndex = 0; path = Slatus.app; sourceTree = BUILT_PRODUCTS_DIR; };
		9E552D512259AAE30093E956 /* AppDelegate.swift */ = {isa = PBXFileReference; lastKnownFileType = sourcecode.swift; path = AppDelegate.swift; sourceTree = "<group>"; };
		9E552D532259AAE30093E956 /* ViewController.swift */ = {isa = PBXFileReference; lastKnownFileType = sourcecode.swift; path = ViewController.swift; sourceTree = "<group>"; };
		9E552D552259AAE80093E956 /* Assets.xcassets */ = {isa = PBXFileReference; lastKnownFileType = folder.assetcatalog; path = Assets.xcassets; sourceTree = "<group>"; };
		9E552D582259AAE80093E956 /* Base */ = {isa = PBXFileReference; lastKnownFileType = file.storyboard; name = Base; path = Base.lproj/Main.storyboard; sourceTree = "<group>"; };
		9E552D5A2259AAE80093E956 /* Info.plist */ = {isa = PBXFileReference; lastKnownFileType = text.plist.xml; path = Info.plist; sourceTree = "<group>"; };
		9E552D5B2259AAE80093E956 /* Slatus.entitlements */ = {isa = PBXFileReference; lastKnownFileType = text.plist.entitlements; path = Slatus.entitlements; sourceTree = "<group>"; };
		9E552D632259B1830093E956 /* SKClient.framework */ = {isa = PBXFileReference; lastKnownFileType = wrapper.framework; name = SKClient.framework; path = Slatus/Carthage/Build/Mac/SKClient.framework; sourceTree = "<group>"; };
		9E552D652259B1890093E956 /* SKCore.framework */ = {isa = PBXFileReference; lastKnownFileType = wrapper.framework; name = SKCore.framework; path = Slatus/Carthage/Build/Mac/SKCore.framework; sourceTree = "<group>"; };
		9E552D672259B1940093E956 /* Swifter.framework */ = {isa = PBXFileReference; lastKnownFileType = wrapper.framework; name = Swifter.framework; path = Slatus/Carthage/Build/Mac/Swifter.framework; sourceTree = "<group>"; };
		9E552D682259B1940093E956 /* SKRTMAPI.framework */ = {isa = PBXFileReference; lastKnownFileType = wrapper.framework; name = SKRTMAPI.framework; path = Slatus/Carthage/Build/Mac/SKRTMAPI.framework; sourceTree = "<group>"; };
		9E552D692259B1950093E956 /* SlackKit.framework */ = {isa = PBXFileReference; lastKnownFileType = wrapper.framework; name = SlackKit.framework; path = Slatus/Carthage/Build/Mac/SlackKit.framework; sourceTree = "<group>"; };
		9E552D6A2259B1950093E956 /* Starscream.framework */ = {isa = PBXFileReference; lastKnownFileType = wrapper.framework; name = Starscream.framework; path = Slatus/Carthage/Build/Mac/Starscream.framework; sourceTree = "<group>"; };
		9E552D6B2259B1950093E956 /* SKServer.framework */ = {isa = PBXFileReference; lastKnownFileType = wrapper.framework; name = SKServer.framework; path = Slatus/Carthage/Build/Mac/SKServer.framework; sourceTree = "<group>"; };
		9E552D6C2259B1950093E956 /* SKWebAPI.framework */ = {isa = PBXFileReference; lastKnownFileType = wrapper.framework; name = SKWebAPI.framework; path = Slatus/Carthage/Build/Mac/SKWebAPI.framework; sourceTree = "<group>"; };
		9E552D87225A7C030093E956 /* Conversation.swift */ = {isa = PBXFileReference; lastKnownFileType = sourcecode.swift; path = Conversation.swift; sourceTree = "<group>"; };
		9E552D8D225C07540093E956 /* ConversationTracker.swift */ = {isa = PBXFileReference; fileEncoding = 4; lastKnownFileType = sourcecode.swift; path = ConversationTracker.swift; sourceTree = "<group>"; };
		9E552D8F225C07890093E956 /* SlackClient.swift */ = {isa = PBXFileReference; fileEncoding = 4; lastKnownFileType = sourcecode.swift; path = SlackClient.swift; sourceTree = "<group>"; };
		9E552D91225C183A0093E956 /* SlackWorkspace.swift */ = {isa = PBXFileReference; lastKnownFileType = sourcecode.swift; path = SlackWorkspace.swift; sourceTree = "<group>"; };
		9E552D9A225D8E340093E956 /* PreferencesViewController.swift */ = {isa = PBXFileReference; fileEncoding = 4; lastKnownFileType = sourcecode.swift; path = PreferencesViewController.swift; sourceTree = "<group>"; };
		9E95EC8422600ECD0040C8D6 /* ConversationOutlineView.swift */ = {isa = PBXFileReference; lastKnownFileType = sourcecode.swift; path = ConversationOutlineView.swift; sourceTree = "<group>"; };
		9E95EC8822615CC30040C8D6 /* MainWindowController.swift */ = {isa = PBXFileReference; lastKnownFileType = sourcecode.swift; path = MainWindowController.swift; sourceTree = "<group>"; };
		9E95EC8B226177B20040C8D6 /* Lato-Light.ttf */ = {isa = PBXFileReference; lastKnownFileType = file; path = "Lato-Light.ttf"; sourceTree = "<group>"; };
		9E95EC8D22617F0B0040C8D6 /* Lato-Medium.ttf */ = {isa = PBXFileReference; lastKnownFileType = file; path = "Lato-Medium.ttf"; sourceTree = "<group>"; };
/* End PBXFileReference section */

/* Begin PBXFrameworksBuildPhase section */
		9E552D4B2259AAE30093E956 /* Frameworks */ = {
			isa = PBXFrameworksBuildPhase;
			buildActionMask = 2147483647;
			files = (
				9E552D642259B1830093E956 /* SKClient.framework in Frameworks */,
				9E552D662259B1890093E956 /* SKCore.framework in Frameworks */,
				9E552D6D2259B1950093E956 /* Swifter.framework in Frameworks */,
				9E552D6E2259B1950093E956 /* SKRTMAPI.framework in Frameworks */,
				9E552D6F2259B1950093E956 /* SlackKit.framework in Frameworks */,
				9E552D702259B1950093E956 /* Starscream.framework in Frameworks */,
				9E552D712259B1950093E956 /* SKServer.framework in Frameworks */,
				9E552D722259B1950093E956 /* SKWebAPI.framework in Frameworks */,
			);
			runOnlyForDeploymentPostprocessing = 0;
		};
/* End PBXFrameworksBuildPhase section */

/* Begin PBXGroup section */
		9E552D452259AAE30093E956 = {
			isa = PBXGroup;
			children = (
				9E552D502259AAE30093E956 /* Slatus */,
				9E552D4F2259AAE30093E956 /* Products */,
				9E552D622259B1830093E956 /* Frameworks */,
			);
			sourceTree = "<group>";
		};
		9E552D4F2259AAE30093E956 /* Products */ = {
			isa = PBXGroup;
			children = (
				9E552D4E2259AAE30093E956 /* Slatus.app */,
			);
			name = Products;
			sourceTree = "<group>";
		};
		9E552D502259AAE30093E956 /* Slatus */ = {
			isa = PBXGroup;
			children = (
				9E552D612259AB350093E956 /* Sources */,
				9E552D512259AAE30093E956 /* AppDelegate.swift */,
				9E95EC8422600ECD0040C8D6 /* ConversationOutlineView.swift */,
				9E95EC8822615CC30040C8D6 /* MainWindowController.swift */,
				9E552D9A225D8E340093E956 /* PreferencesViewController.swift */,
				9E552D532259AAE30093E956 /* ViewController.swift */,
				9E552D552259AAE80093E956 /* Assets.xcassets */,
				9E552D572259AAE80093E956 /* Main.storyboard */,
				9E552D5A2259AAE80093E956 /* Info.plist */,
				9E95EC8B226177B20040C8D6 /* Lato-Light.ttf */,
				9E95EC8D22617F0B0040C8D6 /* Lato-Medium.ttf */,
				9E552D5B2259AAE80093E956 /* Slatus.entitlements */,
			);
			path = Slatus;
			sourceTree = "<group>";
		};
		9E552D612259AB350093E956 /* Sources */ = {
			isa = PBXGroup;
			children = (
				9E552D87225A7C030093E956 /* Conversation.swift */,
				9E552D8D225C07540093E956 /* ConversationTracker.swift */,
				9E552D91225C183A0093E956 /* SlackWorkspace.swift */,
				9E552D8F225C07890093E956 /* SlackClient.swift */,
			);
			path = Sources;
			sourceTree = "<group>";
		};
		9E552D622259B1830093E956 /* Frameworks */ = {
			isa = PBXGroup;
			children = (
				9E552D682259B1940093E956 /* SKRTMAPI.framework */,
				9E552D6B2259B1950093E956 /* SKServer.framework */,
				9E552D6C2259B1950093E956 /* SKWebAPI.framework */,
				9E552D692259B1950093E956 /* SlackKit.framework */,
				9E552D6A2259B1950093E956 /* Starscream.framework */,
				9E552D672259B1940093E956 /* Swifter.framework */,
				9E552D652259B1890093E956 /* SKCore.framework */,
				9E552D632259B1830093E956 /* SKClient.framework */,
			);
			name = Frameworks;
			sourceTree = "<group>";
		};
/* End PBXGroup section */

/* Begin PBXNativeTarget section */
		9E552D4D2259AAE30093E956 /* Slatus */ = {
			isa = PBXNativeTarget;
			buildConfigurationList = 9E552D5E2259AAE80093E956 /* Build configuration list for PBXNativeTarget "Slatus" */;
			buildPhases = (
				9E552D4A2259AAE30093E956 /* Sources */,
				9E552D4B2259AAE30093E956 /* Frameworks */,
				9E552D4C2259AAE30093E956 /* Resources */,
				9E552D95225D5D570093E956 /* ShellScript */,
			);
			buildRules = (
			);
			dependencies = (
			);
			name = Slatus;
			productName = Slatus;
			productReference = 9E552D4E2259AAE30093E956 /* Slatus.app */;
			productType = "com.apple.product-type.application";
		};
/* End PBXNativeTarget section */

/* Begin PBXProject section */
		9E552D462259AAE30093E956 /* Project object */ = {
			isa = PBXProject;
			attributes = {
				LastSwiftUpdateCheck = 1010;
				LastUpgradeCheck = 1010;
				ORGANIZATIONNAME = Holmosapien;
				TargetAttributes = {
					9E552D4D2259AAE30093E956 = {
						CreatedOnToolsVersion = 10.1;
						SystemCapabilities = {
							com.apple.Sandbox = {
								enabled = 0;
							};
						};
					};
				};
			};
			buildConfigurationList = 9E552D492259AAE30093E956 /* Build configuration list for PBXProject "Slatus" */;
			compatibilityVersion = "Xcode 9.3";
			developmentRegion = en;
			hasScannedForEncodings = 0;
			knownRegions = (
				en,
				Base,
			);
			mainGroup = 9E552D452259AAE30093E956;
			productRefGroup = 9E552D4F2259AAE30093E956 /* Products */;
			projectDirPath = "";
			projectRoot = "";
			targets = (
				9E552D4D2259AAE30093E956 /* Slatus */,
			);
		};
/* End PBXProject section */

/* Begin PBXResourcesBuildPhase section */
		9E552D4C2259AAE30093E956 /* Resources */ = {
			isa = PBXResourcesBuildPhase;
			buildActionMask = 2147483647;
			files = (
				9E95EC8C2261785D0040C8D6 /* Lato-Light.ttf in Resources */,
				9E95EC8E22617F3C0040C8D6 /* Lato-Medium.ttf in Resources */,
				9E552D562259AAE80093E956 /* Assets.xcassets in Resources */,
				9E552D592259AAE80093E956 /* Main.storyboard in Resources */,
			);
			runOnlyForDeploymentPostprocessing = 0;
		};
/* End PBXResourcesBuildPhase section */

/* Begin PBXShellScriptBuildPhase section */
		9E552D95225D5D570093E956 /* ShellScript */ = {
			isa = PBXShellScriptBuildPhase;
			buildActionMask = 2147483647;
			files = (
			);
			inputFileListPaths = (
			);
			inputPaths = (
				"$(SRCROOT)/Slatus/Carthage/Build/Mac/SKClient.framework",
				"$(SRCROOT)/Slatus/Carthage/Build/Mac/SKCore.framework",
				"$(SRCROOT)/Slatus/Carthage/Build/Mac/SKRTMAPI.framework",
				"$(SRCROOT)/Slatus/Carthage/Build/Mac/SKServer.framework",
				"$(SRCROOT)/Slatus/Carthage/Build/Mac/SKWebAPI.framework",
				"$(SRCROOT)/Slatus/Carthage/Build/Mac/SlackKit.framework",
				"$(SRCROOT)/Slatus/Carthage/Build/Mac/Starscream.framework",
				"$(SRCROOT)/Slatus/Carthage/Build/Mac/Swifter.framework",
			);
			outputFileListPaths = (
			);
			outputPaths = (
				"$(DERIVED_FILE_DIR)/SKClient.framework",
				"$(DERIVED_FILE_DIR)/SKCore.framework",
				"$(DERIVED_FILE_DIR)/SKRTMAPI.framework",
				"$(DERIVED_FILE_DIR)/SKServer.framework",
				"$(DERIVED_FILE_DIR)/SKWebAPI.framework",
				"$(DERIVED_FILE_DIR)/SlackKit.framework",
				"$(DERIVED_FILE_DIR)/Starscream.framework",
				"$(DERIVED_FILE_DIR)/Swifter.framework",
			);
			runOnlyForDeploymentPostprocessing = 0;
			shellPath = /bin/sh;
			shellScript = "/usr/local/bin/carthage copy-frameworks\n";
		};
/* End PBXShellScriptBuildPhase section */

/* Begin PBXSourcesBuildPhase section */
		9E552D4A2259AAE30093E956 /* Sources */ = {
			isa = PBXSourcesBuildPhase;
			buildActionMask = 2147483647;
			files = (
				9E552D92225C183A0093E956 /* SlackWorkspace.swift in Sources */,
				9E552D542259AAE30093E956 /* ViewController.swift in Sources */,
				9E552D522259AAE30093E956 /* AppDelegate.swift in Sources */,
				9E552D88225A7C030093E956 /* Conversation.swift in Sources */,
				9E552D8E225C07540093E956 /* ConversationTracker.swift in Sources */,
				9E552D9B225D8E340093E956 /* PreferencesViewController.swift in Sources */,
				9E95EC8522600ECD0040C8D6 /* ConversationOutlineView.swift in Sources */,
				9E552D90225C07890093E956 /* SlackClient.swift in Sources */,
				9E95EC8922615CC30040C8D6 /* MainWindowController.swift in Sources */,
			);
			runOnlyForDeploymentPostprocessing = 0;
		};
/* End PBXSourcesBuildPhase section */

/* Begin PBXVariantGroup section */
		9E552D572259AAE80093E956 /* Main.storyboard */ = {
			isa = PBXVariantGroup;
			children = (
				9E552D582259AAE80093E956 /* Base */,
			);
			name = Main.storyboard;
			sourceTree = "<group>";
		};
/* End PBXVariantGroup section */

/* Begin XCBuildConfiguration section */
		9E552D5C2259AAE80093E956 /* Debug */ = {
			isa = XCBuildConfiguration;
			buildSettings = {
				ALWAYS_SEARCH_USER_PATHS = NO;
				CLANG_ANALYZER_NONNULL = YES;
				CLANG_ANALYZER_NUMBER_OBJECT_CONVERSION = YES_AGGRESSIVE;
				CLANG_CXX_LANGUAGE_STANDARD = "gnu++14";
				CLANG_CXX_LIBRARY = "libc++";
				CLANG_ENABLE_MODULES = YES;
				CLANG_ENABLE_OBJC_ARC = YES;
				CLANG_ENABLE_OBJC_WEAK = YES;
				CLANG_WARN_BLOCK_CAPTURE_AUTORELEASING = YES;
				CLANG_WARN_BOOL_CONVERSION = YES;
				CLANG_WARN_COMMA = YES;
				CLANG_WARN_CONSTANT_CONVERSION = YES;
				CLANG_WARN_DEPRECATED_OBJC_IMPLEMENTATIONS = YES;
				CLANG_WARN_DIRECT_OBJC_ISA_USAGE = YES_ERROR;
				CLANG_WARN_DOCUMENTATION_COMMENTS = YES;
				CLANG_WARN_EMPTY_BODY = YES;
				CLANG_WARN_ENUM_CONVERSION = YES;
				CLANG_WARN_INFINITE_RECURSION = YES;
				CLANG_WARN_INT_CONVERSION = YES;
				CLANG_WARN_NON_LITERAL_NULL_CONVERSION = YES;
				CLANG_WARN_OBJC_IMPLICIT_RETAIN_SELF = YES;
				CLANG_WARN_OBJC_LITERAL_CONVERSION = YES;
				CLANG_WARN_OBJC_ROOT_CLASS = YES_ERROR;
				CLANG_WARN_RANGE_LOOP_ANALYSIS = YES;
				CLANG_WARN_STRICT_PROTOTYPES = YES;
				CLANG_WARN_SUSPICIOUS_MOVE = YES;
				CLANG_WARN_UNGUARDED_AVAILABILITY = YES_AGGRESSIVE;
				CLANG_WARN_UNREACHABLE_CODE = YES;
				CLANG_WARN__DUPLICATE_METHOD_MATCH = YES;
				CODE_SIGN_IDENTITY = "-";
				COPY_PHASE_STRIP = NO;
				DEBUG_INFORMATION_FORMAT = dwarf;
				ENABLE_STRICT_OBJC_MSGSEND = YES;
				ENABLE_TESTABILITY = YES;
				GCC_C_LANGUAGE_STANDARD = gnu11;
				GCC_DYNAMIC_NO_PIC = NO;
				GCC_NO_COMMON_BLOCKS = YES;
				GCC_OPTIMIZATION_LEVEL = 0;
				GCC_PREPROCESSOR_DEFINITIONS = (
					"DEBUG=1",
					"$(inherited)",
				);
				GCC_WARN_64_TO_32_BIT_CONVERSION = YES;
				GCC_WARN_ABOUT_RETURN_TYPE = YES_ERROR;
				GCC_WARN_UNDECLARED_SELECTOR = YES;
				GCC_WARN_UNINITIALIZED_AUTOS = YES_AGGRESSIVE;
				GCC_WARN_UNUSED_FUNCTION = YES;
				GCC_WARN_UNUSED_VARIABLE = YES;
				MACOSX_DEPLOYMENT_TARGET = 10.13;
				MTL_ENABLE_DEBUG_INFO = INCLUDE_SOURCE;
				MTL_FAST_MATH = YES;
				ONLY_ACTIVE_ARCH = YES;
				SDKROOT = macosx;
				SWIFT_ACTIVE_COMPILATION_CONDITIONS = DEBUG;
				SWIFT_OPTIMIZATION_LEVEL = "-Onone";
			};
			name = Debug;
		};
		9E552D5D2259AAE80093E956 /* Release */ = {
			isa = XCBuildConfiguration;
			buildSettings = {
				ALWAYS_SEARCH_USER_PATHS = NO;
				CLANG_ANALYZER_NONNULL = YES;
				CLANG_ANALYZER_NUMBER_OBJECT_CONVERSION = YES_AGGRESSIVE;
				CLANG_CXX_LANGUAGE_STANDARD = "gnu++14";
				CLANG_CXX_LIBRARY = "libc++";
				CLANG_ENABLE_MODULES = YES;
				CLANG_ENABLE_OBJC_ARC = YES;
				CLANG_ENABLE_OBJC_WEAK = YES;
				CLANG_WARN_BLOCK_CAPTURE_AUTORELEASING = YES;
				CLANG_WARN_BOOL_CONVERSION = YES;
				CLANG_WARN_COMMA = YES;
				CLANG_WARN_CONSTANT_CONVERSION = YES;
				CLANG_WARN_DEPRECATED_OBJC_IMPLEMENTATIONS = YES;
				CLANG_WARN_DIRECT_OBJC_ISA_USAGE = YES_ERROR;
				CLANG_WARN_DOCUMENTATION_COMMENTS = YES;
				CLANG_WARN_EMPTY_BODY = YES;
				CLANG_WARN_ENUM_CONVERSION = YES;
				CLANG_WARN_INFINITE_RECURSION = YES;
				CLANG_WARN_INT_CONVERSION = YES;
				CLANG_WARN_NON_LITERAL_NULL_CONVERSION = YES;
				CLANG_WARN_OBJC_IMPLICIT_RETAIN_SELF = YES;
				CLANG_WARN_OBJC_LITERAL_CONVERSION = YES;
				CLANG_WARN_OBJC_ROOT_CLASS = YES_ERROR;
				CLANG_WARN_RANGE_LOOP_ANALYSIS = YES;
				CLANG_WARN_STRICT_PROTOTYPES = YES;
				CLANG_WARN_SUSPICIOUS_MOVE = YES;
				CLANG_WARN_UNGUARDED_AVAILABILITY = YES_AGGRESSIVE;
				CLANG_WARN_UNREACHABLE_CODE = YES;
				CLANG_WARN__DUPLICATE_METHOD_MATCH = YES;
				CODE_SIGN_IDENTITY = "-";
				COPY_PHASE_STRIP = NO;
				DEBUG_INFORMATION_FORMAT = "dwarf-with-dsym";
				ENABLE_NS_ASSERTIONS = NO;
				ENABLE_STRICT_OBJC_MSGSEND = YES;
				GCC_C_LANGUAGE_STANDARD = gnu11;
				GCC_NO_COMMON_BLOCKS = YES;
				GCC_WARN_64_TO_32_BIT_CONVERSION = YES;
				GCC_WARN_ABOUT_RETURN_TYPE = YES_ERROR;
				GCC_WARN_UNDECLARED_SELECTOR = YES;
				GCC_WARN_UNINITIALIZED_AUTOS = YES_AGGRESSIVE;
				GCC_WARN_UNUSED_FUNCTION = YES;
				GCC_WARN_UNUSED_VARIABLE = YES;
				MACOSX_DEPLOYMENT_TARGET = 10.13;
				MTL_ENABLE_DEBUG_INFO = NO;
				MTL_FAST_MATH = YES;
				SDKROOT = macosx;
				SWIFT_COMPILATION_MODE = wholemodule;
				SWIFT_OPTIMIZATION_LEVEL = "-O";
			};
			name = Release;
		};
		9E552D5F2259AAE80093E956 /* Debug */ = {
			isa = XCBuildConfiguration;
			buildSettings = {
				ASSETCATALOG_COMPILER_APPICON_NAME = AppIcon;
				CODE_SIGN_STYLE = Automatic;
				COMBINE_HIDPI_IMAGES = YES;
				FRAMEWORK_SEARCH_PATHS = (
					"$(inherited)",
					"$(PROJECT_DIR)/Slatus/Carthage/Build/Mac",
				);
				INFOPLIST_FILE = Slatus/Info.plist;
				LD_RUNPATH_SEARCH_PATHS = (
					"$(inherited)",
					"@executable_path/../Frameworks",
				);
				PRODUCT_BUNDLE_IDENTIFIER = org.holmosapien.Slatus;
				PRODUCT_NAME = "$(TARGET_NAME)";
				SWIFT_VERSION = 4.2;
			};
			name = Debug;
		};
		9E552D602259AAE80093E956 /* Release */ = {
			isa = XCBuildConfiguration;
			buildSettings = {
				ASSETCATALOG_COMPILER_APPICON_NAME = AppIcon;
				CODE_SIGN_STYLE = Automatic;
				COMBINE_HIDPI_IMAGES = YES;
				FRAMEWORK_SEARCH_PATHS = (
					"$(inherited)",
					"$(PROJECT_DIR)/Slatus/Carthage/Build/Mac",
				);
				INFOPLIST_FILE = Slatus/Info.plist;
				LD_RUNPATH_SEARCH_PATHS = (
					"$(inherited)",
					"@executable_path/../Frameworks",
				);
				PRODUCT_BUNDLE_IDENTIFIER = org.holmosapien.Slatus;
				PRODUCT_NAME = "$(TARGET_NAME)";
				SWIFT_VERSION = 4.2;
			};
			name = Release;
		};
/* End XCBuildConfiguration section */

/* Begin XCConfigurationList section */
		9E552D492259AAE30093E956 /* Build configuration list for PBXProject "Slatus" */ = {
			isa = XCConfigurationList;
			buildConfigurations = (
				9E552D5C2259AAE80093E956 /* Debug */,
				9E552D5D2259AAE80093E956 /* Release */,
			);
			defaultConfigurationIsVisible = 0;
			defaultConfigurationName = Release;
		};
		9E552D5E2259AAE80093E956 /* Build configuration list for PBXNativeTarget "Slatus" */ = {
			isa = XCConfigurationList;
			buildConfigurations = (
				9E552D5F2259AAE80093E956 /* Debug */,
				9E552D602259AAE80093E956 /* Release */,
			);
			defaultConfigurationIsVisible = 0;
			defaultConfigurationName = Release;
		};
/* End XCConfigurationList section */
	};
	rootObject = 9E552D462259AAE30093E956 /* Project object */;
}
